
Microsoft Visual Studio Solution File, Format Version 12.00
# Visual Studio 14
VisualStudioVersion = 14.0.25420.1
MinimumVisualStudioVersion = 10.0.40219.1
Project("{FAE04EC0-301F-11D3-BF4B-00C04F79EFBC}") = "Automoqer", "Automoqer\Automoqer.csproj", "{E642C604-BCAD-4659-9858-DC68F525AF77}"
EndProject
Project("{2150E333-8FDC-42A3-9474-1A3956D46DE8}") = "Solution Items", "Solution Items", "{275D9F94-ACD9-4280-9793-6628560073B3}"
	ProjectSection(SolutionItems) = preProject
		build-and-publish.txt = build-and-publish.txt
		README.md = README.md
		todo.txt = todo.txt
	EndProjectSection
EndProject
Project("{FAE04EC0-301F-11D3-BF4B-00C04F79EFBC}") = "Automoqer.Test", "Automoqer.Test\Automoqer.Test.csproj", "{9AD248D4-67C9-4308-A048-AE2C4AC1A62A}"
EndProject
Global
	GlobalSection(SolutionConfigurationPlatforms) = preSolution
		Debug|Any CPU = Debug|Any CPU
		Release|Any CPU = Release|Any CPU
	EndGlobalSection
	GlobalSection(ProjectConfigurationPlatforms) = postSolution
		{E642C604-BCAD-4659-9858-DC68F525AF77}.Debug|Any CPU.ActiveCfg = Debug|Any CPU
		{E642C604-BCAD-4659-9858-DC68F525AF77}.Debug|Any CPU.Build.0 = Debug|Any CPU
		{E642C604-BCAD-4659-9858-DC68F525AF77}.Release|Any CPU.ActiveCfg = Release|Any CPU
		{E642C604-BCAD-4659-9858-DC68F525AF77}.Release|Any CPU.Build.0 = Release|Any CPU
		{9AD248D4-67C9-4308-A048-AE2C4AC1A62A}.Debug|Any CPU.ActiveCfg = Debug|Any CPU
		{9AD248D4-67C9-4308-A048-AE2C4AC1A62A}.Debug|Any CPU.Build.0 = Debug|Any CPU
		{9AD248D4-67C9-4308-A048-AE2C4AC1A62A}.Release|Any CPU.ActiveCfg = Release|Any CPU
		{9AD248D4-67C9-4308-A048-AE2C4AC1A62A}.Release|Any CPU.Build.0 = Release|Any CPU
	EndGlobalSection
	GlobalSection(SolutionProperties) = preSolution
		HideSolutionNode = FALSE
	EndGlobalSection
EndGlobal
